github.com/Li-giegie/rabbit-cli v0.0.0-20240827163237-a0becb3f9de3 h1:kUYlCEXZkne62uOTAtMUPU9AIHd+VMONl4Y7LcwbVBI=
github.com/Li-giegie/rabbit-cli v0.0.0-20240827163237-a0becb3f9de3/go.mod h1:lEiD99bsEzSaUy2WlTZs8lqcKQcX5S6LBbKOxcwEW60=
gopkg.in/check.v1 v0.0.0-20161208181325-20d25e280405 h1:yhCVgyC4o1eVCa2tZl7eS0r+SDo693bJlVdllGtEeKM=
gopkg.in/check.v1 v0.0.0-20161208181325-20d25e280405/go.mod h1:Co6ibVJAznAaIkqp8huTwlJQCZ016jof/cbN4VW5Yz0=
gopkg.in/yaml.v3 v3.0.1 h1:fxVm/GzAzEWqLHuvctI91KS9hhNmmWOoWu0XTYJS7CA=
gopkg.in/yaml.v3 v3.0.1/go.mod h1:K4uyk7z7BCEPqu6E+C64Yfv1cQ7kz7rIZviUmN+EgEM=
